
Microsoft Visual Studio Solution File, Format Version 12.00
# Visual Studio 14
VisualStudioVersion = 14.0.23107.0
MinimumVisualStudioVersion = 10.0.40219.1
Project("{D954291E-2A0B-460D-934E-DC6B0785DB48}") = "TipCalculator", "TipCalculator\TipCalculator\TipCalculator.shproj", "{369CB406-8ABF-40B6-97BB-37BE30C2D8B3}"
EndProject
Project("{FAE04EC0-301F-11D3-BF4B-00C04F79EFBC}") = "TipCalculator.WinPhone", "TipCalculator\TipCalculator.WinPhone\TipCalculator.WinPhone.csproj", "{60B05582-C9D7-401C-9085-A903A52497D9}"
EndProject
Project("{FAE04EC0-301F-11D3-BF4B-00C04F79EFBC}") = "TipCalculator.iOS", "TipCalculator\TipCalculator.iOS\TipCalculator.iOS.csproj", "{B722282E-9B0D-44B2-8FFF-B05486E44B27}"
EndProject
Project("{FAE04EC0-301F-11D3-BF4B-00C04F79EFBC}") = "TipCalculator.Droid", "TipCalculator\TipCalculator.Droid\TipCalculator.Droid.csproj", "{7ECBB697-004B-422B-AE13-F70E2FE89CD8}"
EndProject
Global
	GlobalSection(SharedMSBuildProjectFiles) = preSolution
		TipCalculator\TipCalculator\TipCalculator.projitems*{7ecbb697-004b-422b-ae13-f70e2fe89cd8}*SharedItemsImports = 4
		TipCalculator\TipCalculator\TipCalculator.projitems*{369cb406-8abf-40b6-97bb-37be30c2d8b3}*SharedItemsImports = 13
		TipCalculator\TipCalculator\TipCalculator.projitems*{b722282e-9b0d-44b2-8fff-b05486e44b27}*SharedItemsImports = 4
		TipCalculator\TipCalculator\TipCalculator.projitems*{60b05582-c9d7-401c-9085-a903a52497d9}*SharedItemsImports = 4
	EndGlobalSection
	GlobalSection(SolutionConfigurationPlatforms) = preSolution
		Ad-Hoc|Any CPU = Ad-Hoc|Any CPU
		Ad-Hoc|ARM = Ad-Hoc|ARM
		Ad-Hoc|iPhone = Ad-Hoc|iPhone
		Ad-Hoc|iPhoneSimulator = Ad-Hoc|iPhoneSimulator
		Ad-Hoc|x86 = Ad-Hoc|x86
		AppStore|Any CPU = AppStore|Any CPU
		AppStore|ARM = AppStore|ARM
		AppStore|iPhone = AppStore|iPhone
		AppStore|iPhoneSimulator = AppStore|iPhoneSimulator
		AppStore|x86 = AppStore|x86
		Debug|Any CPU = Debug|Any CPU
		Debug|ARM = Debug|ARM
		Debug|iPhone = Debug|iPhone
		Debug|iPhoneSimulator = Debug|iPhoneSimulator
		Debug|x86 = Debug|x86
		Release|Any CPU = Release|Any CPU
		Release|ARM = Release|ARM
		Release|iPhone = Release|iPhone
		Release|iPhoneSimulator = Release|iPhoneSimulator
		Release|x86 = Release|x86
	EndGlobalSection
	GlobalSection(ProjectConfigurationPlatforms) = postSolution
		{60B05582-C9D7-401C-9085-A903A52497D9}.Ad-Hoc|Any CPU.ActiveCfg = Release|Any CPU
		{60B05582-C9D7-401C-9085-A903A52497D9}.Ad-Hoc|Any CPU.Build.0 = Release|Any CPU
		{60B05582-C9D7-401C-9085-A903A52497D9}.Ad-Hoc|Any CPU.Deploy.0 = Release|Any CPU
		{60B05582-C9D7-401C-9085-A903A52497D9}.Ad-Hoc|ARM.ActiveCfg = Release|ARM
		{60B05582-C9D7-401C-9085-A903A52497D9}.Ad-Hoc|ARM.Build.0 = Release|ARM
		{60B05582-C9D7-401C-9085-A903A52497D9}.Ad-Hoc|ARM.Deploy.0 = Release|ARM
		{60B05582-C9D7-401C-9085-A903A52497D9}.Ad-Hoc|iPhone.ActiveCfg = Release|Any CPU
		{60B05582-C9D7-401C-9085-A903A52497D9}.Ad-Hoc|iPhone.Build.0 = Release|Any CPU
		{60B05582-C9D7-401C-9085-A903A52497D9}.Ad-Hoc|iPhone.Deploy.0 = Release|Any CPU
		{60B05582-C9D7-401C-9085-A903A52497D9}.Ad-Hoc|iPhoneSimulator.ActiveCfg = Release|Any CPU
		{60B05582-C9D7-401C-9085-A903A52497D9}.Ad-Hoc|iPhoneSimulator.Build.0 = Release|Any CPU
		{60B05582-C9D7-401C-9085-A903A52497D9}.Ad-Hoc|iPhoneSimulator.Deploy.0 = Release|Any CPU
		{60B05582-C9D7-401C-9085-A903A52497D9}.Ad-Hoc|x86.ActiveCfg = Release|x86
		{60B05582-C9D7-401C-9085-A903A52497D9}.Ad-Hoc|x86.Build.0 = Release|x86
		{60B05582-C9D7-401C-9085-A903A52497D9}.Ad-Hoc|x86.Deploy.0 = Release|x86
		{60B05582-C9D7-401C-9085-A903A52497D9}.AppStore|Any CPU.ActiveCfg = Release|Any CPU
		{60B05582-C9D7-401C-9085-A903A52497D9}.AppStore|Any CPU.Build.0 = Release|Any CPU
		{60B05582-C9D7-401C-9085-A903A52497D9}.AppStore|Any CPU.Deploy.0 = Release|Any CPU
		{60B05582-C9D7-401C-9085-A903A52497D9}.AppStore|ARM.ActiveCfg = Release|ARM
		{60B05582-C9D7-401C-9085-A903A52497D9}.AppStore|ARM.Build.0 = Release|ARM
		{60B05582-C9D7-401C-9085-A903A52497D9}.AppStore|ARM.Deploy.0 = Release|ARM
		{60B05582-C9D7-401C-9085-A903A52497D9}.AppStore|iPhone.ActiveCfg = Release|Any CPU
		{60B05582-C9D7-401C-9085-A903A52497D9}.AppStore|iPhone.Build.0 = Release|Any CPU
		{60B05582-C9D7-401C-9085-A903A52497D9}.AppStore|iPhone.Deploy.0 = Release|Any CPU
		{60B05582-C9D7-401C-9085-A903A52497D9}.AppStore|iPhoneSimulator.ActiveCfg = Release|Any CPU
		{60B05582-C9D7-401C-9085-A903A52497D9}.AppStore|iPhoneSimulator.Build.0 = Release|Any CPU
		{60B05582-C9D7-401C-9085-A903A52497D9}.AppStore|iPhoneSimulator.Deploy.0 = Release|Any CPU
		{60B05582-C9D7-401C-9085-A903A52497D9}.AppStore|x86.ActiveCfg = Release|x86
		{60B05582-C9D7-401C-9085-A903A52497D9}.AppStore|x86.Build.0 = Release|x86
		{60B05582-C9D7-401C-9085-A903A52497D9}.AppStore|x86.Deploy.0 = Release|x86
		{60B05582-C9D7-401C-9085-A903A52497D9}.Debug|Any CPU.ActiveCfg = Debug|Any CPU
		{60B05582-C9D7-401C-9085-A903A52497D9}.Debug|Any CPU.Build.0 = Debug|Any CPU
		{60B05582-C9D7-401C-9085-A903A52497D9}.Debug|Any CPU.Deploy.0 = Debug|Any CPU
		{60B05582-C9D7-401C-9085-A903A52497D9}.Debug|ARM.ActiveCfg = Debug|ARM
		{60B05582-C9D7-401C-9085-A903A52497D9}.Debug|ARM.Build.0 = Debug|ARM
		{60B05582-C9D7-401C-9085-A903A52497D9}.Debug|ARM.Deploy.0 = Debug|ARM
		{60B05582-C9D7-401C-9085-A903A52497D9}.Debug|iPhone.ActiveCfg = Debug|Any CPU
		{60B05582-C9D7-401C-9085-A903A52497D9}.Debug|iPhone.Build.0 = Debug|Any CPU
		{60B05582-C9D7-401C-9085-A903A52497D9}.Debug|iPhone.Deploy.0 = Debug|Any CPU
		{60B05582-C9D7-401C-9085-A903A52497D9}.Debug|iPhoneSimulator.ActiveCfg = Debug|Any CPU
		{60B05582-C9D7-401C-9085-A903A52497D9}.Debug|iPhoneSimulator.Build.0 = Debug|Any CPU
		{60B05582-C9D7-401C-9085-A903A52497D9}.Debug|iPhoneSimulator.Deploy.0 = Debug|Any CPU
		{60B05582-C9D7-401C-9085-A903A52497D9}.Debug|x86.ActiveCfg = Debug|x86
		{60B05582-C9D7-401C-9085-A903A52497D9}.Debug|x86.Build.0 = Debug|x86
		{60B05582-C9D7-401C-9085-A903A52497D9}.Debug|x86.Deploy.0 = Debug|x86
		{60B05582-C9D7-401C-9085-A903A52497D9}.Release|Any CPU.ActiveCfg = Release|Any CPU
		{60B05582-C9D7-401C-9085-A903A52497D9}.Release|Any CPU.Build.0 = Release|Any CPU
		{60B05582-C9D7-401C-9085-A903A52497D9}.Release|Any CPU.Deploy.0 = Release|Any CPU
		{60B05582-C9D7-401C-9085-A903A52497D9}.Release|ARM.ActiveCfg = Release|ARM
		{60B05582-C9D7-401C-9085-A903A52497D9}.Release|ARM.Build.0 = Release|ARM
		{60B05582-C9D7-401C-9085-A903A52497D9}.Release|ARM.Deploy.0 = Release|ARM
		{60B05582-C9D7-401C-9085-A903A52497D9}.Release|iPhone.ActiveCfg = Release|Any CPU
		{60B05582-C9D7-401C-9085-A903A52497D9}.Release|iPhone.Build.0 = Release|Any CPU
		{60B05582-C9D7-401C-9085-A903A52497D9}.Release|iPhone.Deploy.0 = Release|Any CPU
		{60B05582-C9D7-401C-9085-A903A52497D9}.Release|iPhoneSimulator.ActiveCfg = Release|Any CPU
		{60B05582-C9D7-401C-9085-A903A52497D9}.Release|iPhoneSimulator.Build.0 = Release|Any CPU
		{60B05582-C9D7-401C-9085-A903A52497D9}.Release|iPhoneSimulator.Deploy.0 = Release|Any CPU
		{60B05582-C9D7-401C-9085-A903A52497D9}.Release|x86.ActiveCfg = Release|x86
		{60B05582-C9D7-401C-9085-A903A52497D9}.Release|x86.Build.0 = Release|x86
		{60B05582-C9D7-401C-9085-A903A52497D9}.Release|x86.Deploy.0 = Release|x86
		{B722282E-9B0D-44B2-8FFF-B05486E44B27}.Ad-Hoc|Any CPU.ActiveCfg = Ad-Hoc|iPhone
		{B722282E-9B0D-44B2-8FFF-B05486E44B27}.Ad-Hoc|ARM.ActiveCfg = Ad-Hoc|iPhone
		{B722282E-9B0D-44B2-8FFF-B05486E44B27}.Ad-Hoc|iPhone.ActiveCfg = Ad-Hoc|iPhone
		{B722282E-9B0D-44B2-8FFF-B05486E44B27}.Ad-Hoc|iPhone.Build.0 = Ad-Hoc|iPhone
		{B722282E-9B0D-44B2-8FFF-B05486E44B27}.Ad-Hoc|iPhoneSimulator.ActiveCfg = Ad-Hoc|iPhoneSimulator
		{B722282E-9B0D-44B2-8FFF-B05486E44B27}.Ad-Hoc|iPhoneSimulator.Build.0 = Ad-Hoc|iPhoneSimulator
		{B722282E-9B0D-44B2-8FFF-B05486E44B27}.Ad-Hoc|x86.ActiveCfg = Ad-Hoc|iPhone
		{B722282E-9B0D-44B2-8FFF-B05486E44B27}.AppStore|Any CPU.ActiveCfg = AppStore|iPhone
		{B722282E-9B0D-44B2-8FFF-B05486E44B27}.AppStore|ARM.ActiveCfg = AppStore|iPhone
		{B722282E-9B0D-44B2-8FFF-B05486E44B27}.AppStore|iPhone.ActiveCfg = AppStore|iPhone
		{B722282E-9B0D-44B2-8FFF-B05486E44B27}.AppStore|iPhone.Build.0 = AppStore|iPhone
		{B722282E-9B0D-44B2-8FFF-B05486E44B27}.AppStore|iPhoneSimulator.ActiveCfg = AppStore|iPhoneSimulator
		{B722282E-9B0D-44B2-8FFF-B05486E44B27}.AppStore|iPhoneSimulator.Build.0 = AppStore|iPhoneSimulator
		{B722282E-9B0D-44B2-8FFF-B05486E44B27}.AppStore|x86.ActiveCfg = AppStore|iPhone
		{B722282E-9B0D-44B2-8FFF-B05486E44B27}.Debug|Any CPU.ActiveCfg = Debug|iPhone
		{B722282E-9B0D-44B2-8FFF-B05486E44B27}.Debug|ARM.ActiveCfg = Debug|iPhone
		{B722282E-9B0D-44B2-8FFF-B05486E44B27}.Debug|iPhone.ActiveCfg = Debug|iPhone
		{B722282E-9B0D-44B2-8FFF-B05486E44B27}.Debug|iPhone.Build.0 = Debug|iPhone
		{B722282E-9B0D-44B2-8FFF-B05486E44B27}.Debug|iPhoneSimulator.ActiveCfg = Debug|iPhoneSimulator
		{B722282E-9B0D-44B2-8FFF-B05486E44B27}.Debug|iPhoneSimulator.Build.0 = Debug|iPhoneSimulator
		{B722282E-9B0D-44B2-8FFF-B05486E44B27}.Debug|x86.ActiveCfg = Debug|iPhone
		{B722282E-9B0D-44B2-8FFF-B05486E44B27}.Release|Any CPU.ActiveCfg = Release|iPhone
		{B722282E-9B0D-44B2-8FFF-B05486E44B27}.Release|ARM.ActiveCfg = Release|iPhone
		{B722282E-9B0D-44B2-8FFF-B05486E44B27}.Release|iPhone.ActiveCfg = Release|iPhone
		{B722282E-9B0D-44B2-8FFF-B05486E44B27}.Release|iPhone.Build.0 = Release|iPhone
		{B722282E-9B0D-44B2-8FFF-B05486E44B27}.Release|iPhoneSimulator.ActiveCfg = Release|iPhoneSimulator
		{B722282E-9B0D-44B2-8FFF-B05486E44B27}.Release|iPhoneSimulator.Build.0 = Release|iPhoneSimulator
		{B722282E-9B0D-44B2-8FFF-B05486E44B27}.Release|x86.ActiveCfg = Release|iPhone
		{7ECBB697-004B-422B-AE13-F70E2FE89CD8}.Ad-Hoc|Any CPU.ActiveCfg = Release|Any CPU
		{7ECBB697-004B-422B-AE13-F70E2FE89CD8}.Ad-Hoc|Any CPU.Build.0 = Release|Any CPU
		{7ECBB697-004B-422B-AE13-F70E2FE89CD8}.Ad-Hoc|Any CPU.Deploy.0 = Release|Any CPU
		{7ECBB697-004B-422B-AE13-F70E2FE89CD8}.Ad-Hoc|ARM.ActiveCfg = Release|Any CPU
		{7ECBB697-004B-422B-AE13-F70E2FE89CD8}.Ad-Hoc|ARM.Build.0 = Release|Any CPU
		{7ECBB697-004B-422B-AE13-F70E2FE89CD8}.Ad-Hoc|ARM.Deploy.0 = Release|Any CPU
		{7ECBB697-004B-422B-AE13-F70E2FE89CD8}.Ad-Hoc|iPhone.ActiveCfg = Release|Any CPU
		{7ECBB697-004B-422B-AE13-F70E2FE89CD8}.Ad-Hoc|iPhone.Build.0 = Release|Any CPU
		{7ECBB697-004B-422B-AE13-F70E2FE89CD8}.Ad-Hoc|iPhone.Deploy.0 = Release|Any CPU
		{7ECBB697-004B-422B-AE13-F70E2FE89CD8}.Ad-Hoc|iPhoneSimulator.ActiveCfg = Release|Any CPU
		{7ECBB697-004B-422B-AE13-F70E2FE89CD8}.Ad-Hoc|iPhoneSimulator.Build.0 = Release|Any CPU
		{7ECBB697-004B-422B-AE13-F70E2FE89CD8}.Ad-Hoc|iPhoneSimulator.Deploy.0 = Release|Any CPU
		{7ECBB697-004B-422B-AE13-F70E2FE89CD8}.Ad-Hoc|x86.ActiveCfg = Release|Any CPU
		{7ECBB697-004B-422B-AE13-F70E2FE89CD8}.Ad-Hoc|x86.Build.0 = Release|Any CPU
		{7ECBB697-004B-422B-AE13-F70E2FE89CD8}.Ad-Hoc|x86.Deploy.0 = Release|Any CPU
		{7ECBB697-004B-422B-AE13-F70E2FE89CD8}.AppStore|Any CPU.ActiveCfg = Release|Any CPU
		{7ECBB697-004B-422B-AE13-F70E2FE89CD8}.AppStore|Any CPU.Build.0 = Release|Any CPU
		{7ECBB697-004B-422B-AE13-F70E2FE89CD8}.AppStore|Any CPU.Deploy.0 = Release|Any CPU
		{7ECBB697-004B-422B-AE13-F70E2FE89CD8}.AppStore|ARM.ActiveCfg = Release|Any CPU
		{7ECBB697-004B-422B-AE13-F70E2FE89CD8}.AppStore|ARM.Build.0 = Release|Any CPU
		{7ECBB697-004B-422B-AE13-F70E2FE89CD8}.AppStore|ARM.Deploy.0 = Release|Any CPU
		{7ECBB697-004B-422B-AE13-F70E2FE89CD8}.AppStore|iPhone.ActiveCfg = Release|Any CPU
		{7ECBB697-004B-422B-AE13-F70E2FE89CD8}.AppStore|iPhone.Build.0 = Release|Any CPU
		{7ECBB697-004B-422B-AE13-F70E2FE89CD8}.AppStore|iPhone.Deploy.0 = Release|Any CPU
		{7ECBB697-004B-422B-AE13-F70E2FE89CD8}.AppStore|iPhoneSimulator.ActiveCfg = Release|Any CPU
		{7ECBB697-004B-422B-AE13-F70E2FE89CD8}.AppStore|iPhoneSimulator.Build.0 = Release|Any CPU
		{7ECBB697-004B-422B-AE13-F70E2FE89CD8}.AppStore|iPhoneSimulator.Deploy.0 = Release|Any CPU
		{7ECBB697-004B-422B-AE13-F70E2FE89CD8}.AppStore|x86.ActiveCfg = Release|Any CPU
		{7ECBB697-004B-422B-AE13-F70E2FE89CD8}.AppStore|x86.Build.0 = Release|Any CPU
		{7ECBB697-004B-422B-AE13-F70E2FE89CD8}.AppStore|x86.Deploy.0 = Release|Any CPU
		{7ECBB697-004B-422B-AE13-F70E2FE89CD8}.Debug|Any CPU.ActiveCfg = Debug|Any CPU
		{7ECBB697-004B-422B-AE13-F70E2FE89CD8}.Debug|Any CPU.Build.0 = Debug|Any CPU
		{7ECBB697-004B-422B-AE13-F70E2FE89CD8}.Debug|Any CPU.Deploy.0 = Debug|Any CPU
		{7ECBB697-004B-422B-AE13-F70E2FE89CD8}.Debug|ARM.ActiveCfg = Debug|Any CPU
		{7ECBB697-004B-422B-AE13-F70E2FE89CD8}.Debug|ARM.Build.0 = Debug|Any CPU
		{7ECBB697-004B-422B-AE13-F70E2FE89CD8}.Debug|ARM.Deploy.0 = Debug|Any CPU
		{7ECBB697-004B-422B-AE13-F70E2FE89CD8}.Debug|iPhone.ActiveCfg = Debug|Any CPU
		{7ECBB697-004B-422B-AE13-F70E2FE89CD8}.Debug|iPhone.Build.0 = Debug|Any CPU
		{7ECBB697-004B-422B-AE13-F70E2FE89CD8}.Debug|iPhone.Deploy.0 = Debug|Any CPU
		{7ECBB697-004B-422B-AE13-F70E2FE89CD8}.Debug|iPhoneSimulator.ActiveCfg = Debug|Any CPU
		{7ECBB697-004B-422B-AE13-F70E2FE89CD8}.Debug|iPhoneSimulator.Build.0 = Debug|Any CPU
		{7ECBB697-004B-422B-AE13-F70E2FE89CD8}.Debug|iPhoneSimulator.Deploy.0 = Debug|Any CPU
		{7ECBB697-004B-422B-AE13-F70E2FE89CD8}.Debug|x86.ActiveCfg = Debug|Any CPU
		{7ECBB697-004B-422B-AE13-F70E2FE89CD8}.Debug|x86.Build.0 = Debug|Any CPU
		{7ECBB697-004B-422B-AE13-F70E2FE89CD8}.Debug|x86.Deploy.0 = Debug|Any CPU
		{7ECBB697-004B-422B-AE13-F70E2FE89CD8}.Release|Any CPU.ActiveCfg = Release|Any CPU
		{7ECBB697-004B-422B-AE13-F70E2FE89CD8}.Release|Any CPU.Build.0 = Release|Any CPU
		{7ECBB697-004B-422B-AE13-F70E2FE89CD8}.Release|Any CPU.Deploy.0 = Release|Any CPU
		{7ECBB697-004B-422B-AE13-F70E2FE89CD8}.Release|ARM.ActiveCfg = Release|Any CPU
		{7ECBB697-004B-422B-AE13-F70E2FE89CD8}.Release|ARM.Build.0 = Release|Any CPU
		{7ECBB697-004B-422B-AE13-F70E2FE89CD8}.Release|ARM.Deploy.0 = Release|Any CPU
		{7ECBB697-004B-422B-AE13-F70E2FE89CD8}.Release|iPhone.ActiveCfg = Release|Any CPU
		{7ECBB697-004B-422B-AE13-F70E2FE89CD8}.Release|iPhone.Build.0 = Release|Any CPU
		{7ECBB697-004B-422B-AE13-F70E2FE89CD8}.Release|iPhone.Deploy.0 = Release|Any CPU
		{7ECBB697-004B-422B-AE13-F70E2FE89CD8}.Release|iPhoneSimulator.ActiveCfg = Release|Any CPU
		{7ECBB697-004B-422B-AE13-F70E2FE89CD8}.Release|iPhoneSimulator.Build.0 = Release|Any CPU
		{7ECBB697-004B-422B-AE13-F70E2FE89CD8}.Release|iPhoneSimulator.Deploy.0 = Release|Any CPU
		{7ECBB697-004B-422B-AE13-F70E2FE89CD8}.Release|x86.ActiveCfg = Release|Any CPU
		{7ECBB697-004B-422B-AE13-F70E2FE89CD8}.Release|x86.Build.0 = Release|Any CPU
		{7ECBB697-004B-422B-AE13-F70E2FE89CD8}.Release|x86.Deploy.0 = Release|Any CPU
	EndGlobalSection
	GlobalSection(SolutionProperties) = preSolution
		HideSolutionNode = FALSE
	EndGlobalSection
EndGlobal
